
Microsoft Visual Studio Solution File, Format Version 12.00
# Visual Studio Version 17
VisualStudioVersion = 17.14.36811.4 d17.14
MinimumVisualStudioVersion = 10.0.40219.1
Project("{FAE04EC0-301F-11D3-BF4B-00C04F79EFBC}") = "UP_Nikiforov", "UP_Nikiforov\UP_Nikiforov.csproj", "{16AAE317-9D3B-4637-B468-F6E25E3C452F}"
EndProject
Global
	GlobalSection(SolutionConfigurationPlatforms) = preSolution
		Debug|Any CPU = Debug|Any CPU
		Release|Any CPU = Release|Any CPU
	EndGlobalSection
	GlobalSection(ProjectConfigurationPlatforms) = postSolution
		{16AAE317-9D3B-4637-B468-F6E25E3C452F}.Debug|Any CPU.ActiveCfg = Debug|Any CPU
		{16AAE317-9D3B-4637-B468-F6E25E3C452F}.Debug|Any CPU.Build.0 = Debug|Any CPU
		{16AAE317-9D3B-4637-B468-F6E25E3C452F}.Release|Any CPU.ActiveCfg = Release|Any CPU
		{16AAE317-9D3B-4637-B468-F6E25E3C452F}.Release|Any CPU.Build.0 = Release|Any CPU
	EndGlobalSection
	GlobalSection(SolutionProperties) = preSolution
		HideSolutionNode = FALSE
	EndGlobalSection
	GlobalSection(ExtensibilityGlobals) = postSolution
		SolutionGuid = {E33E4558-88A9-4D0C-B7CC-B676AB143132}
	EndGlobalSection
EndGlobal
